// !$*UTF8*$!
{
	archiveVersion = 1;
	classes = {
	};
	objectVersion = 46;
	objects = {

/* Begin PBXBuildFile section */
		92E45391199FEED700967F1E /* Foundation.framework in Frameworks */ = {isa = PBXBuildFile; fileRef = 92E45390199FEED700967F1E /* Foundation.framework */; };
		92E45393199FEED700967F1E /* CoreGraphics.framework in Frameworks */ = {isa = PBXBuildFile; fileRef = 92E45392199FEED700967F1E /* CoreGraphics.framework */; };
		92E45395199FEED700967F1E /* UIKit.framework in Frameworks */ = {isa = PBXBuildFile; fileRef = 92E45394199FEED700967F1E /* UIKit.framework */; };
		92E4539B199FEED700967F1E /* InfoPlist.strings in Resources */ = {isa = PBXBuildFile; fileRef = 92E45399199FEED700967F1E /* InfoPlist.strings */; };
		92E4539D199FEED700967F1E /* main.m in Sources */ = {isa = PBXBuildFile; fileRef = 92E4539C199FEED700967F1E /* main.m */; };
		92E453A1199FEED700967F1E /* TBAppDelegate.m in Sources */ = {isa = PBXBuildFile; fileRef = 92E453A0199FEED700967F1E /* TBAppDelegate.m */; };
		92E453A4199FEED700967F1E /* Main.storyboard in Resources */ = {isa = PBXBuildFile; fileRef = 92E453A2199FEED700967F1E /* Main.storyboard */; };
		92E453A7199FEED700967F1E /* TBViewController.m in Sources */ = {isa = PBXBuildFile; fileRef = 92E453A6199FEED700967F1E /* TBViewController.m */; };
		92E453A9199FEED700967F1E /* Images.xcassets in Resources */ = {isa = PBXBuildFile; fileRef = 92E453A8199FEED700967F1E /* Images.xcassets */; };
		92E453B0199FEED700967F1E /* XCTest.framework in Frameworks */ = {isa = PBXBuildFile; fileRef = 92E453AF199FEED700967F1E /* XCTest.framework */; };
		92E453B1199FEED700967F1E /* Foundation.framework in Frameworks */ = {isa = PBXBuildFile; fileRef = 92E45390199FEED700967F1E /* Foundation.framework */; };
		92E453B2199FEED700967F1E /* UIKit.framework in Frameworks */ = {isa = PBXBuildFile; fileRef = 92E45394199FEED700967F1E /* UIKit.framework */; };
		92E453BA199FEED700967F1E /* InfoPlist.strings in Resources */ = {isa = PBXBuildFile; fileRef = 92E453B8199FEED700967F1E /* InfoPlist.strings */; };
		92E453BC199FEED700967F1E /* TesteStoryboardTests.m in Sources */ = {isa = PBXBuildFile; fileRef = 92E453BB199FEED700967F1E /* TesteStoryboardTests.m */; };
		92E453D7199FEF9900967F1E /* TBContato.m in Sources */ = {isa = PBXBuildFile; fileRef = 92E453D1199FEF9900967F1E /* TBContato.m */; };
		92E453D8199FEF9900967F1E /* TBFormularioViewController.m in Sources */ = {isa = PBXBuildFile; fileRef = 92E453D3199FEF9900967F1E /* TBFormularioViewController.m */; };
		92E453D9199FEF9900967F1E /* TBFormularioViewController.xib in Resources */ = {isa = PBXBuildFile; fileRef = 92E453D4199FEF9900967F1E /* TBFormularioViewController.xib */; };
		92E453DA199FEF9900967F1E /* TBListaContatosViewController.m in Sources */ = {isa = PBXBuildFile; fileRef = 92E453D6199FEF9900967F1E /* TBListaContatosViewController.m */; };
/* End PBXBuildFile section */

/* Begin PBXContainerItemProxy section */
		92E453B3199FEED700967F1E /* PBXContainerItemProxy */ = {
			isa = PBXContainerItemProxy;
			containerPortal = 92E45385199FEED700967F1E /* Project object */;
			proxyType = 1;
			remoteGlobalIDString = 92E4538C199FEED700967F1E;
			remoteInfo = TesteStoryboard;
		};
/* End PBXContainerItemProxy section */

/* Begin PBXFileReference section */
		92E4538D199FEED700967F1E /* TesteStoryboard.app */ = {isa = PBXFileReference; explicitFileType = wrapper.application; includeInIndex = 0; path = TesteStoryboard.app; sourceTree = BUILT_PRODUCTS_DIR; };
		92E45390199FEED700967F1E /* Foundation.framework */ = {isa = PBXFileReference; lastKnownFileType = wrapper.framework; name = Foundation.framework; path = System/Library/Frameworks/Foundation.framework; sourceTree = SDKROOT; };
		92E45392199FEED700967F1E /* CoreGraphics.framework */ = {isa = PBXFileReference; lastKnownFileType = wrapper.framework; name = CoreGraphics.framework; path = System/Library/Frameworks/CoreGraphics.framework; sourceTree = SDKROOT; };
		92E45394199FEED700967F1E /* UIKit.framework */ = {isa = PBXFileReference; lastKnownFileType = wrapper.framework; name = UIKit.framework; path = System/Library/Frameworks/UIKit.framework; sourceTree = SDKROOT; };
		92E45398199FEED700967F1E /* TesteStoryboard-Info.plist */ = {isa = PBXFileReference; lastKnownFileType = text.plist.xml; path = "TesteStoryboard-Info.plist"; sourceTree = "<group>"; };
		92E4539A199FEED700967F1E /* en */ = {isa = PBXFileReference; lastKnownFileType = text.plist.strings; name = en; path = en.lproj/InfoPlist.strings; sourceTree = "<group>"; };
		92E4539C199FEED700967F1E /* main.m */ = {isa = PBXFileReference; lastKnownFileType = sourcecode.c.objc; path = main.m; sourceTree = "<group>"; };
		92E4539E199FEED700967F1E /* TesteStoryboard-Prefix.pch */ = {isa = PBXFileReference; lastKnownFileType = sourcecode.c.h; path = "TesteStoryboard-Prefix.pch"; sourceTree = "<group>"; };
		92E4539F199FEED700967F1E /* TBAppDelegate.h */ = {isa = PBXFileReference; lastKnownFileType = sourcecode.c.h; path = TBAppDelegate.h; sourceTree = "<group>"; };
		92E453A0199FEED700967F1E /* TBAppDelegate.m */ = {isa = PBXFileReference; lastKnownFileType = sourcecode.c.objc; path = TBAppDelegate.m; sourceTree = "<group>"; };
		92E453A3199FEED700967F1E /* Base */ = {isa = PBXFileReference; lastKnownFileType = file.storyboard; name = Base; path = Base.lproj/Main.storyboard; sourceTree = "<group>"; };
		92E453A5199FEED700967F1E /* TBViewController.h */ = {isa = PBXFileReference; lastKnownFileType = sourcecode.c.h; path = TBViewController.h; sourceTree = "<group>"; };
		92E453A6199FEED700967F1E /* TBViewController.m */ = {isa = PBXFileReference; lastKnownFileType = sourcecode.c.objc; path = TBViewController.m; sourceTree = "<group>"; };
		92E453A8199FEED700967F1E /* Images.xcassets */ = {isa = PBXFileReference; lastKnownFileType = folder.assetcatalog; path = Images.xcassets; sourceTree = "<group>"; };
		92E453AE199FEED700967F1E /* TesteStoryboardTests.xctest */ = {isa = PBXFileReference; explicitFileType = wrapper.cfbundle; includeInIndex = 0; path = TesteStoryboardTests.xctest; sourceTree = BUILT_PRODUCTS_DIR; };
		92E453AF199FEED700967F1E /* XCTest.framework */ = {isa = PBXFileReference; lastKnownFileType = wrapper.framework; name = XCTest.framework; path = Library/Frameworks/XCTest.framework; sourceTree = DEVELOPER_DIR; };
		92E453B7199FEED700967F1E /* TesteStoryboardTests-Info.plist */ = {isa = PBXFileReference; lastKnownFileType = text.plist.xml; path = "TesteStoryboardTests-Info.plist"; sourceTree = "<group>"; };
		92E453B9199FEED700967F1E /* en */ = {isa = PBXFileReference; lastKnownFileType = text.plist.strings; name = en; path = en.lproj/InfoPlist.strings; sourceTree = "<group>"; };
		92E453BB199FEED700967F1E /* TesteStoryboardTests.m */ = {isa = PBXFileReference; lastKnownFileType = sourcecode.c.objc; path = TesteStoryboardTests.m; sourceTree = "<group>"; };
		92E453D0199FEF9900967F1E /* TBContato.h */ = {isa = PBXFileReference; fileEncoding = 4; lastKnownFileType = sourcecode.c.h; path = TBContato.h; sourceTree = "<group>"; };
		92E453D1199FEF9900967F1E /* TBContato.m */ = {isa = PBXFileReference; fileEncoding = 4; lastKnownFileType = sourcecode.c.objc; path = TBContato.m; sourceTree = "<group>"; };
		92E453D2199FEF9900967F1E /* TBFormularioViewController.h */ = {isa = PBXFileReference; fileEncoding = 4; lastKnownFileType = sourcecode.c.h; path = TBFormularioViewController.h; sourceTree = "<group>"; };
		92E453D3199FEF9900967F1E /* TBFormularioViewController.m */ = {isa = PBXFileReference; fileEncoding = 4; lastKnownFileType = sourcecode.c.objc; path = TBFormularioViewController.m; sourceTree = "<group>"; };
		92E453D4199FEF9900967F1E /* TBFormularioViewController.xib */ = {isa = PBXFileReference; fileEncoding = 4; lastKnownFileType = file.xib; path = TBFormularioViewController.xib; sourceTree = "<group>"; };
		92E453D5199FEF9900967F1E /* TBListaContatosViewController.h */ = {isa = PBXFileReference; fileEncoding = 4; lastKnownFileType = sourcecode.c.h; path = TBListaContatosViewController.h; sourceTree = "<group>"; };
		92E453D6199FEF9900967F1E /* TBListaContatosViewController.m */ = {isa = PBXFileReference; fileEncoding = 4; lastKnownFileType = sourcecode.c.objc; path = TBListaContatosViewController.m; sourceTree = "<group>"; };
/* End PBXFileReference section */

/* Begin PBXFrameworksBuildPhase section */
		92E4538A199FEED700967F1E /* Frameworks */ = {
			isa = PBXFrameworksBuildPhase;
			buildActionMask = 2147483647;
			files = (
				92E45393199FEED700967F1E /* CoreGraphics.framework in Frameworks */,
				92E45395199FEED700967F1E /* UIKit.framework in Frameworks */,
				92E45391199FEED700967F1E /* Foundation.framework in Frameworks */,
			);
			runOnlyForDeploymentPostprocessing = 0;
		};
		92E453AB199FEED700967F1E /* Frameworks */ = {
			isa = PBXFrameworksBuildPhase;
			buildActionMask = 2147483647;
			files = (
				92E453B0199FEED700967F1E /* XCTest.framework in Frameworks */,
				92E453B2199FEED700967F1E /* UIKit.framework in Frameworks */,
				92E453B1199FEED700967F1E /* Foundation.framework in Frameworks */,
			);
			runOnlyForDeploymentPostprocessing = 0;
		};
/* End PBXFrameworksBuildPhase section */

/* Begin PBXGroup section */
		92E45384199FEED700967F1E = {
			isa = PBXGroup;
			children = (
				92E45396199FEED700967F1E /* TesteStoryboard */,
				92E453B5199FEED700967F1E /* TesteStoryboardTests */,
				92E4538F199FEED700967F1E /* Frameworks */,
				92E4538E199FEED700967F1E /* Products */,
			);
			sourceTree = "<group>";
		};
		92E4538E199FEED700967F1E /* Products */ = {
			isa = PBXGroup;
			children = (
				92E4538D199FEED700967F1E /* TesteStoryboard.app */,
				92E453AE199FEED700967F1E /* TesteStoryboardTests.xctest */,
			);
			name = Products;
			sourceTree = "<group>";
		};
		92E4538F199FEED700967F1E /* Frameworks */ = {
			isa = PBXGroup;
			children = (
				92E45390199FEED700967F1E /* Foundation.framework */,
				92E45392199FEED700967F1E /* CoreGraphics.framework */,
				92E45394199FEED700967F1E /* UIKit.framework */,
				92E453AF199FEED700967F1E /* XCTest.framework */,
			);
			name = Frameworks;
			sourceTree = "<group>";
		};
		92E45396199FEED700967F1E /* TesteStoryboard */ = {
			isa = PBXGroup;
			children = (
				92E453D0199FEF9900967F1E /* TBContato.h */,
				92E453D1199FEF9900967F1E /* TBContato.m */,
				92E453D2199FEF9900967F1E /* TBFormularioViewController.h */,
				92E453D3199FEF9900967F1E /* TBFormularioViewController.m */,
				92E453D4199FEF9900967F1E /* TBFormularioViewController.xib */,
				92E453D5199FEF9900967F1E /* TBListaContatosViewController.h */,
				92E453D6199FEF9900967F1E /* TBListaContatosViewController.m */,
				92E4539F199FEED700967F1E /* TBAppDelegate.h */,
				92E453A0199FEED700967F1E /* TBAppDelegate.m */,
				92E453A2199FEED700967F1E /* Main.storyboard */,
				92E453A5199FEED700967F1E /* TBViewController.h */,
				92E453A6199FEED700967F1E /* TBViewController.m */,
				92E453A8199FEED700967F1E /* Images.xcassets */,
				92E45397199FEED700967F1E /* Supporting Files */,
			);
			path = TesteStoryboard;
			sourceTree = "<group>";
		};
		92E45397199FEED700967F1E /* Supporting Files */ = {
			isa = PBXGroup;
			children = (
				92E45398199FEED700967F1E /* TesteStoryboard-Info.plist */,
				92E45399199FEED700967F1E /* InfoPlist.strings */,
				92E4539C199FEED700967F1E /* main.m */,
				92E4539E199FEED700967F1E /* TesteStoryboard-Prefix.pch */,
			);
			name = "Supporting Files";
			sourceTree = "<group>";
		};
		92E453B5199FEED700967F1E /* TesteStoryboardTests */ = {
			isa = PBXGroup;
			children = (
				92E453BB199FEED700967F1E /* TesteStoryboardTests.m */,
				92E453B6199FEED700967F1E /* Supporting Files */,
			);
			path = TesteStoryboardTests;
			sourceTree = "<group>";
		};
		92E453B6199FEED700967F1E /* Supporting Files */ = {
			isa = PBXGroup;
			children = (
				92E453B7199FEED700967F1E /* TesteStoryboardTests-Info.plist */,
				92E453B8199FEED700967F1E /* InfoPlist.strings */,
			);
			name = "Supporting Files";
			sourceTree = "<group>";
		};
/* End PBXGroup section */

/* Begin PBXNativeTarget section */
		92E4538C199FEED700967F1E /* TesteStoryboard */ = {
			isa = PBXNativeTarget;
			buildConfigurationList = 92E453BF199FEED700967F1E /* Build configuration list for PBXNativeTarget "TesteStoryboard" */;
			buildPhases = (
				92E45389199FEED700967F1E /* Sources */,
				92E4538A199FEED700967F1E /* Frameworks */,
				92E4538B199FEED700967F1E /* Resources */,
			);
			buildRules = (
			);
			dependencies = (
			);
			name = TesteStoryboard;
			productName = TesteStoryboard;
			productReference = 92E4538D199FEED700967F1E /* TesteStoryboard.app */;
			productType = "com.apple.product-type.application";
		};
		92E453AD199FEED700967F1E /* TesteStoryboardTests */ = {
			isa = PBXNativeTarget;
			buildConfigurationList = 92E453C2199FEED700967F1E /* Build configuration list for PBXNativeTarget "TesteStoryboardTests" */;
			buildPhases = (
				92E453AA199FEED700967F1E /* Sources */,
				92E453AB199FEED700967F1E /* Frameworks */,
				92E453AC199FEED700967F1E /* Resources */,
			);
			buildRules = (
			);
			dependencies = (
				92E453B4199FEED700967F1E /* PBXTargetDependency */,
			);
			name = TesteStoryboardTests;
			productName = TesteStoryboardTests;
			productReference = 92E453AE199FEED700967F1E /* TesteStoryboardTests.xctest */;
			productType = "com.apple.product-type.bundle.unit-test";
		};
/* End PBXNativeTarget section */

/* Begin PBXProject section */
		92E45385199FEED700967F1E /* Project object */ = {
			isa = PBXProject;
			attributes = {
				CLASSPREFIX = TB;
				LastUpgradeCheck = 0510;
				ORGANIZATIONNAME = "Tiarê Balbi";
				TargetAttributes = {
					92E453AD199FEED700967F1E = {
						TestTargetID = 92E4538C199FEED700967F1E;
					};
				};
			};
			buildConfigurationList = 92E45388199FEED700967F1E /* Build configuration list for PBXProject "TesteStoryboard" */;
			compatibilityVersion = "Xcode 3.2";
			developmentRegion = English;
			hasScannedForEncodings = 0;
			knownRegions = (
				en,
				Base,
			);
			mainGroup = 92E45384199FEED700967F1E;
			productRefGroup = 92E4538E199FEED700967F1E /* Products */;
			projectDirPath = "";
			projectRoot = "";
			targets = (
				92E4538C199FEED700967F1E /* TesteStoryboard */,
				92E453AD199FEED700967F1E /* TesteStoryboardTests */,
			);
		};
/* End PBXProject section */

/* Begin PBXResourcesBuildPhase section */
		92E4538B199FEED700967F1E /* Resources */ = {
			isa = PBXResourcesBuildPhase;
			buildActionMask = 2147483647;
			files = (
				92E453D9199FEF9900967F1E /* TBFormularioViewController.xib in Resources */,
				92E453A9199FEED700967F1E /* Images.xcassets in Resources */,
				92E4539B199FEED700967F1E /* InfoPlist.strings in Resources */,
				92E453A4199FEED700967F1E /* Main.storyboard in Resources */,
			);
			runOnlyForDeploymentPostprocessing = 0;
		};
		92E453AC199FEED700967F1E /* Resources */ = {
			isa = PBXResourcesBuildPhase;
			buildActionMask = 2147483647;
			files = (
				92E453BA199FEED700967F1E /* InfoPlist.strings in Resources */,
			);
			runOnlyForDeploymentPostprocessing = 0;
		};
/* End PBXResourcesBuildPhase section */

/* Begin PBXSourcesBuildPhase section */
		92E45389199FEED700967F1E /* Sources */ = {
			isa = PBXSourcesBuildPhase;
			buildActionMask = 2147483647;
			files = (
				92E453D7199FEF9900967F1E /* TBContato.m in Sources */,
				92E453D8199FEF9900967F1E /* TBFormularioViewController.m in Sources */,
				92E453A7199FEED700967F1E /* TBViewController.m in Sources */,
				92E453A1199FEED700967F1E /* TBAppDelegate.m in Sources */,
				92E4539D199FEED700967F1E /* main.m in Sources */,
				92E453DA199FEF9900967F1E /* TBListaContatosViewController.m in Sources */,
			);
			runOnlyForDeploymentPostprocessing = 0;
		};
		92E453AA199FEED700967F1E /* Sources */ = {
			isa = PBXSourcesBuildPhase;
			buildActionMask = 2147483647;
			files = (
				92E453BC199FEED700967F1E /* TesteStoryboardTests.m in Sources */,
			);
			runOnlyForDeploymentPostprocessing = 0;
		};
/* End PBXSourcesBuildPhase section */

/* Begin PBXTargetDependency section */
		92E453B4199FEED700967F1E /* PBXTargetDependency */ = {
			isa = PBXTargetDependency;
			target = 92E4538C199FEED700967F1E /* TesteStoryboard */;
			targetProxy = 92E453B3199FEED700967F1E /* PBXContainerItemProxy */;
		};
/* End PBXTargetDependency section */

/* Begin PBXVariantGroup section */
		92E45399199FEED700967F1E /* InfoPlist.strings */ = {
			isa = PBXVariantGroup;
			children = (
				92E4539A199FEED700967F1E /* en */,
			);
			name = InfoPlist.strings;
			sourceTree = "<group>";
		};
		92E453A2199FEED700967F1E /* Main.storyboard */ = {
			isa = PBXVariantGroup;
			children = (
				92E453A3199FEED700967F1E /* Base */,
			);
			name = Main.storyboard;
			sourceTree = "<group>";
		};
		92E453B8199FEED700967F1E /* InfoPlist.strings */ = {
			isa = PBXVariantGroup;
			children = (
				92E453B9199FEED700967F1E /* en */,
			);
			name = InfoPlist.strings;
			sourceTree = "<group>";
		};
/* End PBXVariantGroup section */

/* Begin XCBuildConfiguration section */
		92E453BD199FEED700967F1E /* Debug */ = {
			isa = XCBuildConfiguration;
			buildSettings = {
				ALWAYS_SEARCH_USER_PATHS = NO;
				CLANG_CXX_LANGUAGE_STANDARD = "gnu++0x";
				CLANG_CXX_LIBRARY = "libc++";
				CLANG_ENABLE_MODULES = YES;
				CLANG_ENABLE_OBJC_ARC = YES;
				CLANG_WARN_BOOL_CONVERSION = YES;
				CLANG_WARN_CONSTANT_CONVERSION = YES;
				CLANG_WARN_DIRECT_OBJC_ISA_USAGE = YES_ERROR;
				CLANG_WARN_EMPTY_BODY = YES;
				CLANG_WARN_ENUM_CONVERSION = YES;
				CLANG_WARN_INT_CONVERSION = YES;
				CLANG_WARN_OBJC_ROOT_CLASS = YES_ERROR;
				CLANG_WARN__DUPLICATE_METHOD_MATCH = YES;
				"CODE_SIGN_IDENTITY[sdk=iphoneos*]" = "iPhone Developer";
				COPY_PHASE_STRIP = NO;
				GCC_C_LANGUAGE_STANDARD = gnu99;
				GCC_DYNAMIC_NO_PIC = NO;
				GCC_OPTIMIZATION_LEVEL = 0;
				GCC_PREPROCESSOR_DEFINITIONS = (
					"DEBUG=1",
					"$(inherited)",
				);
				GCC_SYMBOLS_PRIVATE_EXTERN = NO;
				GCC_WARN_64_TO_32_BIT_CONVERSION = YES;
				GCC_WARN_ABOUT_RETURN_TYPE = YES_ERROR;
				GCC_WARN_UNDECLARED_SELECTOR = YES;
				GCC_WARN_UNINITIALIZED_AUTOS = YES_AGGRESSIVE;
				GCC_WARN_UNUSED_FUNCTION = YES;
				GCC_WARN_UNUSED_VARIABLE = YES;
				IPHONEOS_DEPLOYMENT_TARGET = 7.1;
				ONLY_ACTIVE_ARCH = YES;
				SDKROOT = iphoneos;
			};
			name = Debug;
		};
		92E453BE199FEED700967F1E /* Release */ = {
			isa = XCBuildConfiguration;
			buildSettings = {
				ALWAYS_SEARCH_USER_PATHS = NO;
				CLANG_CXX_LANGUAGE_STANDARD = "gnu++0x";
				CLANG_CXX_LIBRARY = "libc++";
				CLANG_ENABLE_MODULES = YES;
				CLANG_ENABLE_OBJC_ARC = YES;
				CLANG_WARN_BOOL_CONVERSION = YES;
				CLANG_WARN_CONSTANT_CONVERSION = YES;
				CLANG_WARN_DIRECT_OBJC_ISA_USAGE = YES_ERROR;
				CLANG_WARN_EMPTY_BODY = YES;
				CLANG_WARN_ENUM_CONVERSION = YES;
				CLANG_WARN_INT_CONVERSION = YES;
				CLANG_WARN_OBJC_ROOT_CLASS = YES_ERROR;
				CLANG_WARN__DUPLICATE_METHOD_MATCH = YES;
				"CODE_SIGN_IDENTITY[sdk=iphoneos*]" = "iPhone Developer";
				COPY_PHASE_STRIP = YES;
				ENABLE_NS_ASSERTIONS = NO;
				GCC_C_LANGUAGE_STANDARD = gnu99;
				GCC_WARN_64_TO_32_BIT_CONVERSION = YES;
				GCC_WARN_ABOUT_RETURN_TYPE = YES_ERROR;
				GCC_WARN_UNDECLARED_SELECTOR = YES;
				GCC_WARN_UNINITIALIZED_AUTOS = YES_AGGRESSIVE;
				GCC_WARN_UNUSED_FUNCTION = YES;
				GCC_WARN_UNUSED_VARIABLE = YES;
				IPHONEOS_DEPLOYMENT_TARGET = 7.1;
				SDKROOT = iphoneos;
				VALIDATE_PRODUCT = YES;
			};
			name = Release;
		};
		92E453C0199FEED700967F1E /* Debug */ = {
			isa = XCBuildConfiguration;
			buildSettings = {
				ASSETCATALOG_COMPILER_APPICON_NAME = AppIcon;
				ASSETCATALOG_COMPILER_LAUNCHIMAGE_NAME = LaunchImage;
				GCC_PRECOMPILE_PREFIX_HEADER = YES;
				GCC_PREFIX_HEADER = "TesteStoryboard/TesteStoryboard-Prefix.pch";
				INFOPLIST_FILE = "TesteStoryboard/TesteStoryboard-Info.plist";
				PRODUCT_NAME = "$(TARGET_NAME)";
				WRAPPER_EXTENSION = app;
			};
			name = Debug;
		};
		92E453C1199FEED700967F1E /* Release */ = {
			isa = XCBuildConfiguration;
			buildSettings = {
				ASSETCATALOG_COMPILER_APPICON_NAME = AppIcon;
				ASSETCATALOG_COMPILER_LAUNCHIMAGE_NAME = LaunchImage;
				GCC_PRECOMPILE_PREFIX_HEADER = YES;
				GCC_PREFIX_HEADER = "TesteStoryboard/TesteStoryboard-Prefix.pch";
				INFOPLIST_FILE = "TesteStoryboard/TesteStoryboard-Info.plist";
				PRODUCT_NAME = "$(TARGET_NAME)";
				WRAPPER_EXTENSION = app;
			};
			name = Release;
		};
		92E453C3199FEED700967F1E /* Debug */ = {
			isa = XCBuildConfiguration;
			buildSettings = {
				BUNDLE_LOADER = "$(BUILT_PRODUCTS_DIR)/TesteStoryboard.app/TesteStoryboard";
				FRAMEWORK_SEARCH_PATHS = (
					"$(SDKROOT)/Developer/Library/Frameworks",
					"$(inherited)",
					"$(DEVELOPER_FRAMEWORKS_DIR)",
				);
				GCC_PRECOMPILE_PREFIX_HEADER = YES;
				GCC_PREFIX_HEADER = "TesteStoryboard/TesteStoryboard-Prefix.pch";
				GCC_PREPROCESSOR_DEFINITIONS = (
					"DEBUG=1",
					"$(inherited)",
				);
				INFOPLIST_FILE = "TesteStoryboardTests/TesteStoryboardTests-Info.plist";
				PRODUCT_NAME = "$(TARGET_NAME)";
				TEST_HOST = "$(BUNDLE_LOADER)";
				WRAPPER_EXTENSION = xctest;
			};
			name = Debug;
		};
		92E453C4199FEED700967F1E /* Release */ = {
			isa = XCBuildConfiguration;
			buildSettings = {
				BUNDLE_LOADER = "$(BUILT_PRODUCTS_DIR)/TesteStoryboard.app/TesteStoryboard";
				FRAMEWORK_SEARCH_PATHS = (
					"$(SDKROOT)/Developer/Library/Frameworks",
					"$(inherited)",
					"$(DEVELOPER_FRAMEWORKS_DIR)",
				);
				GCC_PRECOMPILE_PREFIX_HEADER = YES;
				GCC_PREFIX_HEADER = "TesteStoryboard/TesteStoryboard-Prefix.pch";
				INFOPLIST_FILE = "TesteStoryboardTests/TesteStoryboardTests-Info.plist";
				PRODUCT_NAME = "$(TARGET_NAME)";
				TEST_HOST = "$(BUNDLE_LOADER)";
				WRAPPER_EXTENSION = xctest;
			};
			name = Release;
		};
/* End XCBuildConfiguration section */

/* Begin XCConfigurationList section */
		92E45388199FEED700967F1E /* Build configuration list for PBXProject "TesteStoryboard" */ = {
			isa = XCConfigurationList;
			buildConfigurations = (
				92E453BD199FEED700967F1E /* Debug */,
				92E453BE199FEED700967F1E /* Release */,
			);
			defaultConfigurationIsVisible = 0;
			defaultConfigurationName = Release;
		};
		92E453BF199FEED700967F1E /* Build configuration list for PBXNativeTarget "TesteStoryboard" */ = {
			isa = XCConfigurationList;
			buildConfigurations = (
				92E453C0199FEED700967F1E /* Debug */,
				92E453C1199FEED700967F1E /* Release */,
			);
			defaultConfigurationIsVisible = 0;
		};
		92E453C2199FEED700967F1E /* Build configuration list for PBXNativeTarget "TesteStoryboardTests" */ = {
			isa = XCConfigurationList;
			buildConfigurations = (
				92E453C3199FEED700967F1E /* Debug */,
				92E453C4199FEED700967F1E /* Release */,
			);
			defaultConfigurationIsVisible = 0;
		};
/* End XCConfigurationList section */
	};
	rootObject = 92E45385199FEED700967F1E /* Project object */;
}
