// !$*UTF8*$!
{
	archiveVersion = 1;
	classes = {
	};
	objectVersion = 46;
	objects = {

/* Begin PBXBuildFile section */
		923C163419A8FFC900D33905 /* icon-58.png in Resources */ = {isa = PBXBuildFile; fileRef = 923C163319A8FFC900D33905 /* icon-58.png */; };
		923C163719A900A500D33905 /* default.png in Resources */ = {isa = PBXBuildFile; fileRef = 923C163519A900A500D33905 /* default.png */; };
		923C163819A900A500D33905 /* default2x.png in Resources */ = {isa = PBXBuildFile; fileRef = 923C163619A900A500D33905 /* default2x.png */; };
		923C163C19A9079D00D33905 /* TBDefaultActionControl.m in Sources */ = {isa = PBXBuildFile; fileRef = 923C163B19A9079D00D33905 /* TBDefaultActionControl.m */; };
		923C164619A913F800D33905 /* UIDevice+Phone.m in Sources */ = {isa = PBXBuildFile; fileRef = 923C164519A913F800D33905 /* UIDevice+Phone.m */; };
		923C164819A9169000D33905 /* MessageUI.framework in Frameworks */ = {isa = PBXBuildFile; fileRef = 923C164719A9168F00D33905 /* MessageUI.framework */; };
		923C164B19A919A200D33905 /* TBMailServiceControl.m in Sources */ = {isa = PBXBuildFile; fileRef = 923C164A19A919A200D33905 /* TBMailServiceControl.m */; };
		926C12BD19A8D71A00350F83 /* icon.png in Resources */ = {isa = PBXBuildFile; fileRef = 926C12BC19A8D71A00350F83 /* icon.png */; };
		926C12C119A8E3D600350F83 /* TBMinhaLinhaTableViewCell.m in Sources */ = {isa = PBXBuildFile; fileRef = 926C12BF19A8E3D600350F83 /* TBMinhaLinhaTableViewCell.m */; };
		926C12C219A8E3D600350F83 /* TBMinhaLinhaTableViewCell.xib in Resources */ = {isa = PBXBuildFile; fileRef = 926C12C019A8E3D600350F83 /* TBMinhaLinhaTableViewCell.xib */; };
		927A7B7519A8FEF10060A3B0 /* icon-56.png in Resources */ = {isa = PBXBuildFile; fileRef = 927A7B7419A8FEF10060A3B0 /* icon-56.png */; };
		927A7B7819A8FF450060A3B0 /* icon-120.png in Resources */ = {isa = PBXBuildFile; fileRef = 927A7B7619A8FF450060A3B0 /* icon-120.png */; };
		927A7B7919A8FF450060A3B0 /* icon-80.png in Resources */ = {isa = PBXBuildFile; fileRef = 927A7B7719A8FF450060A3B0 /* icon-80.png */; };
		92E6793B19969C6900E537B9 /* Foundation.framework in Frameworks */ = {isa = PBXBuildFile; fileRef = 92E6793A19969C6900E537B9 /* Foundation.framework */; };
		92E6793D19969C6900E537B9 /* CoreGraphics.framework in Frameworks */ = {isa = PBXBuildFile; fileRef = 92E6793C19969C6900E537B9 /* CoreGraphics.framework */; };
		92E6793F19969C6900E537B9 /* UIKit.framework in Frameworks */ = {isa = PBXBuildFile; fileRef = 92E6793E19969C6900E537B9 /* UIKit.framework */; };
		92E6794119969C6900E537B9 /* CoreData.framework in Frameworks */ = {isa = PBXBuildFile; fileRef = 92E6794019969C6900E537B9 /* CoreData.framework */; };
		92E6794719969C6900E537B9 /* InfoPlist.strings in Resources */ = {isa = PBXBuildFile; fileRef = 92E6794519969C6900E537B9 /* InfoPlist.strings */; };
		92E6794919969C6900E537B9 /* main.m in Sources */ = {isa = PBXBuildFile; fileRef = 92E6794819969C6900E537B9 /* main.m */; };
		92E6794D19969C6900E537B9 /* TBAppDelegate.m in Sources */ = {isa = PBXBuildFile; fileRef = 92E6794C19969C6900E537B9 /* TBAppDelegate.m */; };
		92E6795019969C6900E537B9 /* Contatos.xcdatamodeld in Sources */ = {isa = PBXBuildFile; fileRef = 92E6794E19969C6900E537B9 /* Contatos.xcdatamodeld */; };
		92E6795219969C6900E537B9 /* Images.xcassets in Resources */ = {isa = PBXBuildFile; fileRef = 92E6795119969C6900E537B9 /* Images.xcassets */; };
		92E6795919969C6A00E537B9 /* XCTest.framework in Frameworks */ = {isa = PBXBuildFile; fileRef = 92E6795819969C6A00E537B9 /* XCTest.framework */; };
		92E6795A19969C6A00E537B9 /* Foundation.framework in Frameworks */ = {isa = PBXBuildFile; fileRef = 92E6793A19969C6900E537B9 /* Foundation.framework */; };
		92E6795B19969C6A00E537B9 /* UIKit.framework in Frameworks */ = {isa = PBXBuildFile; fileRef = 92E6793E19969C6900E537B9 /* UIKit.framework */; };
		92E6795C19969C6A00E537B9 /* CoreData.framework in Frameworks */ = {isa = PBXBuildFile; fileRef = 92E6794019969C6900E537B9 /* CoreData.framework */; };
		92E6796419969C6A00E537B9 /* InfoPlist.strings in Resources */ = {isa = PBXBuildFile; fileRef = 92E6796219969C6A00E537B9 /* InfoPlist.strings */; };
		92E6796619969C6A00E537B9 /* ContatosTests.m in Sources */ = {isa = PBXBuildFile; fileRef = 92E6796519969C6A00E537B9 /* ContatosTests.m */; };
		92E6797419969CB000E537B9 /* TBFormularioViewController.m in Sources */ = {isa = PBXBuildFile; fileRef = 92E6797219969CB000E537B9 /* TBFormularioViewController.m */; };
		92E6797519969CB000E537B9 /* TBFormularioViewController.xib in Resources */ = {isa = PBXBuildFile; fileRef = 92E6797319969CB000E537B9 /* TBFormularioViewController.xib */; };
		92E6797A1996A7C700E537B9 /* TBContato.m in Sources */ = {isa = PBXBuildFile; fileRef = 92E679791996A7C700E537B9 /* TBContato.m */; };
		92EDB1FE199F8CF200CFC048 /* TBListaContatosViewController.m in Sources */ = {isa = PBXBuildFile; fileRef = 92EDB1FD199F8CF200CFC048 /* TBListaContatosViewController.m */; };
/* End PBXBuildFile section */

/* Begin PBXContainerItemProxy section */
		92E6795D19969C6A00E537B9 /* PBXContainerItemProxy */ = {
			isa = PBXContainerItemProxy;
			containerPortal = 92E6792F19969C6900E537B9 /* Project object */;
			proxyType = 1;
			remoteGlobalIDString = 92E6793619969C6900E537B9;
			remoteInfo = Contatos;
		};
/* End PBXContainerItemProxy section */

/* Begin PBXFileReference section */
		923C163319A8FFC900D33905 /* icon-58.png */ = {isa = PBXFileReference; lastKnownFileType = image.png; path = "icon-58.png"; sourceTree = "<group>"; };
		923C163519A900A500D33905 /* default.png */ = {isa = PBXFileReference; lastKnownFileType = image.png; path = default.png; sourceTree = "<group>"; };
		923C163619A900A500D33905 /* default2x.png */ = {isa = PBXFileReference; lastKnownFileType = image.png; path = default2x.png; sourceTree = "<group>"; };
		923C163A19A9079D00D33905 /* TBDefaultActionControl.h */ = {isa = PBXFileReference; fileEncoding = 4; lastKnownFileType = sourcecode.c.h; path = TBDefaultActionControl.h; sourceTree = "<group>"; };
		923C163B19A9079D00D33905 /* TBDefaultActionControl.m */ = {isa = PBXFileReference; fileEncoding = 4; lastKnownFileType = sourcecode.c.objc; path = TBDefaultActionControl.m; sourceTree = "<group>"; };
		923C164419A913F800D33905 /* UIDevice+Phone.h */ = {isa = PBXFileReference; fileEncoding = 4; lastKnownFileType = sourcecode.c.h; path = "UIDevice+Phone.h"; sourceTree = "<group>"; };
		923C164519A913F800D33905 /* UIDevice+Phone.m */ = {isa = PBXFileReference; fileEncoding = 4; lastKnownFileType = sourcecode.c.objc; path = "UIDevice+Phone.m"; sourceTree = "<group>"; };
		923C164719A9168F00D33905 /* MessageUI.framework */ = {isa = PBXFileReference; lastKnownFileType = wrapper.framework; name = MessageUI.framework; path = System/Library/Frameworks/MessageUI.framework; sourceTree = SDKROOT; };
		923C164919A919A200D33905 /* TBMailServiceControl.h */ = {isa = PBXFileReference; fileEncoding = 4; lastKnownFileType = sourcecode.c.h; path = TBMailServiceControl.h; sourceTree = "<group>"; };
		923C164A19A919A200D33905 /* TBMailServiceControl.m */ = {isa = PBXFileReference; fileEncoding = 4; lastKnownFileType = sourcecode.c.objc; path = TBMailServiceControl.m; sourceTree = "<group>"; };
		926C12B819A8CF9300350F83 /* TBListaContatoDelegate.h */ = {isa = PBXFileReference; lastKnownFileType = sourcecode.c.h; path = TBListaContatoDelegate.h; sourceTree = "<group>"; };
		926C12BC19A8D71A00350F83 /* icon.png */ = {isa = PBXFileReference; lastKnownFileType = image.png; path = icon.png; sourceTree = "<group>"; };
		926C12BE19A8E3D600350F83 /* TBMinhaLinhaTableViewCell.h */ = {isa = PBXFileReference; fileEncoding = 4; lastKnownFileType = sourcecode.c.h; path = TBMinhaLinhaTableViewCell.h; sourceTree = "<group>"; };
		926C12BF19A8E3D600350F83 /* TBMinhaLinhaTableViewCell.m */ = {isa = PBXFileReference; fileEncoding = 4; lastKnownFileType = sourcecode.c.objc; path = TBMinhaLinhaTableViewCell.m; sourceTree = "<group>"; };
		926C12C019A8E3D600350F83 /* TBMinhaLinhaTableViewCell.xib */ = {isa = PBXFileReference; fileEncoding = 4; lastKnownFileType = file.xib; path = TBMinhaLinhaTableViewCell.xib; sourceTree = "<group>"; };
		927A7B7419A8FEF10060A3B0 /* icon-56.png */ = {isa = PBXFileReference; lastKnownFileType = image.png; path = "icon-56.png"; sourceTree = "<group>"; };
		927A7B7619A8FF450060A3B0 /* icon-120.png */ = {isa = PBXFileReference; lastKnownFileType = image.png; path = "icon-120.png"; sourceTree = "<group>"; };
		927A7B7719A8FF450060A3B0 /* icon-80.png */ = {isa = PBXFileReference; lastKnownFileType = image.png; path = "icon-80.png"; sourceTree = "<group>"; };
		92E6793719969C6900E537B9 /* Contatos.app */ = {isa = PBXFileReference; explicitFileType = wrapper.application; includeInIndex = 0; path = Contatos.app; sourceTree = BUILT_PRODUCTS_DIR; };
		92E6793A19969C6900E537B9 /* Foundation.framework */ = {isa = PBXFileReference; lastKnownFileType = wrapper.framework; name = Foundation.framework; path = System/Library/Frameworks/Foundation.framework; sourceTree = SDKROOT; };
		92E6793C19969C6900E537B9 /* CoreGraphics.framework */ = {isa = PBXFileReference; lastKnownFileType = wrapper.framework; name = CoreGraphics.framework; path = System/Library/Frameworks/CoreGraphics.framework; sourceTree = SDKROOT; };
		92E6793E19969C6900E537B9 /* UIKit.framework */ = {isa = PBXFileReference; lastKnownFileType = wrapper.framework; name = UIKit.framework; path = System/Library/Frameworks/UIKit.framework; sourceTree = SDKROOT; };
		92E6794019969C6900E537B9 /* CoreData.framework */ = {isa = PBXFileReference; lastKnownFileType = wrapper.framework; name = CoreData.framework; path = System/Library/Frameworks/CoreData.framework; sourceTree = SDKROOT; };
		92E6794419969C6900E537B9 /* Contatos-Info.plist */ = {isa = PBXFileReference; lastKnownFileType = text.plist.xml; path = "Contatos-Info.plist"; sourceTree = "<group>"; };
		92E6794619969C6900E537B9 /* en */ = {isa = PBXFileReference; lastKnownFileType = text.plist.strings; name = en; path = en.lproj/InfoPlist.strings; sourceTree = "<group>"; };
		92E6794819969C6900E537B9 /* main.m */ = {isa = PBXFileReference; lastKnownFileType = sourcecode.c.objc; path = main.m; sourceTree = "<group>"; };
		92E6794A19969C6900E537B9 /* Contatos-Prefix.pch */ = {isa = PBXFileReference; lastKnownFileType = sourcecode.c.h; path = "Contatos-Prefix.pch"; sourceTree = "<group>"; };
		92E6794B19969C6900E537B9 /* TBAppDelegate.h */ = {isa = PBXFileReference; lastKnownFileType = sourcecode.c.h; path = TBAppDelegate.h; sourceTree = "<group>"; };
		92E6794C19969C6900E537B9 /* TBAppDelegate.m */ = {isa = PBXFileReference; lastKnownFileType = sourcecode.c.objc; path = TBAppDelegate.m; sourceTree = "<group>"; };
		92E6794F19969C6900E537B9 /* Contatos.xcdatamodel */ = {isa = PBXFileReference; lastKnownFileType = wrapper.xcdatamodel; path = Contatos.xcdatamodel; sourceTree = "<group>"; };
		92E6795119969C6900E537B9 /* Images.xcassets */ = {isa = PBXFileReference; lastKnownFileType = folder.assetcatalog; path = Images.xcassets; sourceTree = "<group>"; };
		92E6795719969C6A00E537B9 /* ContatosTests.xctest */ = {isa = PBXFileReference; explicitFileType = wrapper.cfbundle; includeInIndex = 0; path = ContatosTests.xctest; sourceTree = BUILT_PRODUCTS_DIR; };
		92E6795819969C6A00E537B9 /* XCTest.framework */ = {isa = PBXFileReference; lastKnownFileType = wrapper.framework; name = XCTest.framework; path = Library/Frameworks/XCTest.framework; sourceTree = DEVELOPER_DIR; };
		92E6796119969C6A00E537B9 /* ContatosTests-Info.plist */ = {isa = PBXFileReference; lastKnownFileType = text.plist.xml; path = "ContatosTests-Info.plist"; sourceTree = "<group>"; };
		92E6796319969C6A00E537B9 /* en */ = {isa = PBXFileReference; lastKnownFileType = text.plist.strings; name = en; path = en.lproj/InfoPlist.strings; sourceTree = "<group>"; };
		92E6796519969C6A00E537B9 /* ContatosTests.m */ = {isa = PBXFileReference; lastKnownFileType = sourcecode.c.objc; path = ContatosTests.m; sourceTree = "<group>"; };
		92E6797119969CB000E537B9 /* TBFormularioViewController.h */ = {isa = PBXFileReference; fileEncoding = 4; lastKnownFileType = sourcecode.c.h; path = TBFormularioViewController.h; sourceTree = "<group>"; };
		92E6797219969CB000E537B9 /* TBFormularioViewController.m */ = {isa = PBXFileReference; fileEncoding = 4; lastKnownFileType = sourcecode.c.objc; path = TBFormularioViewController.m; sourceTree = "<group>"; };
		92E6797319969CB000E537B9 /* TBFormularioViewController.xib */ = {isa = PBXFileReference; fileEncoding = 4; lastKnownFileType = file.xib; path = TBFormularioViewController.xib; sourceTree = "<group>"; };
		92E679781996A7C700E537B9 /* TBContato.h */ = {isa = PBXFileReference; fileEncoding = 4; lastKnownFileType = sourcecode.c.h; path = TBContato.h; sourceTree = "<group>"; };
		92E679791996A7C700E537B9 /* TBContato.m */ = {isa = PBXFileReference; fileEncoding = 4; lastKnownFileType = sourcecode.c.objc; path = TBContato.m; sourceTree = "<group>"; };
		92EDB1FC199F8CF200CFC048 /* TBListaContatosViewController.h */ = {isa = PBXFileReference; fileEncoding = 4; lastKnownFileType = sourcecode.c.h; path = TBListaContatosViewController.h; sourceTree = "<group>"; };
		92EDB1FD199F8CF200CFC048 /* TBListaContatosViewController.m */ = {isa = PBXFileReference; fileEncoding = 4; lastKnownFileType = sourcecode.c.objc; path = TBListaContatosViewController.m; sourceTree = "<group>"; };
/* End PBXFileReference section */

/* Begin PBXFrameworksBuildPhase section */
		92E6793419969C6900E537B9 /* Frameworks */ = {
			isa = PBXFrameworksBuildPhase;
			buildActionMask = 2147483647;
			files = (
				923C164819A9169000D33905 /* MessageUI.framework in Frameworks */,
				92E6793D19969C6900E537B9 /* CoreGraphics.framework in Frameworks */,
				92E6794119969C6900E537B9 /* CoreData.framework in Frameworks */,
				92E6793F19969C6900E537B9 /* UIKit.framework in Frameworks */,
				92E6793B19969C6900E537B9 /* Foundation.framework in Frameworks */,
			);
			runOnlyForDeploymentPostprocessing = 0;
		};
		92E6795419969C6A00E537B9 /* Frameworks */ = {
			isa = PBXFrameworksBuildPhase;
			buildActionMask = 2147483647;
			files = (
				92E6795919969C6A00E537B9 /* XCTest.framework in Frameworks */,
				92E6795C19969C6A00E537B9 /* CoreData.framework in Frameworks */,
				92E6795B19969C6A00E537B9 /* UIKit.framework in Frameworks */,
				92E6795A19969C6A00E537B9 /* Foundation.framework in Frameworks */,
			);
			runOnlyForDeploymentPostprocessing = 0;
		};
/* End PBXFrameworksBuildPhase section */

/* Begin PBXGroup section */
		923C163919A9078700D33905 /* Action */ = {
			isa = PBXGroup;
			children = (
				923C163A19A9079D00D33905 /* TBDefaultActionControl.h */,
				923C163B19A9079D00D33905 /* TBDefaultActionControl.m */,
				923C164919A919A200D33905 /* TBMailServiceControl.h */,
				923C164A19A919A200D33905 /* TBMailServiceControl.m */,
			);
			name = Action;
			sourceTree = "<group>";
		};
		923C164319A913E500D33905 /* Category */ = {
			isa = PBXGroup;
			children = (
				923C164419A913F800D33905 /* UIDevice+Phone.h */,
				923C164519A913F800D33905 /* UIDevice+Phone.m */,
			);
			name = Category;
			sourceTree = "<group>";
		};
		926C12B919A8D54700350F83 /* SplashScreen */ = {
			isa = PBXGroup;
			children = (
				927A7B7619A8FF450060A3B0 /* icon-120.png */,
				923C163319A8FFC900D33905 /* icon-58.png */,
				927A7B7719A8FF450060A3B0 /* icon-80.png */,
				923C163519A900A500D33905 /* default.png */,
				923C163619A900A500D33905 /* default2x.png */,
				927A7B7419A8FEF10060A3B0 /* icon-56.png */,
				926C12BC19A8D71A00350F83 /* icon.png */,
			);
			name = SplashScreen;
			path = Contatos;
			sourceTree = "<group>";
		};
		92E6792E19969C6900E537B9 = {
			isa = PBXGroup;
			children = (
				926C12B919A8D54700350F83 /* SplashScreen */,
				92E6794219969C6900E537B9 /* Contatos */,
				92E6795F19969C6A00E537B9 /* ContatosTests */,
				92E6793919969C6900E537B9 /* Frameworks */,
				92E6793819969C6900E537B9 /* Products */,
			);
			sourceTree = "<group>";
		};
		92E6793819969C6900E537B9 /* Products */ = {
			isa = PBXGroup;
			children = (
				92E6793719969C6900E537B9 /* Contatos.app */,
				92E6795719969C6A00E537B9 /* ContatosTests.xctest */,
			);
			name = Products;
			sourceTree = "<group>";
		};
		92E6793919969C6900E537B9 /* Frameworks */ = {
			isa = PBXGroup;
			children = (
				923C164719A9168F00D33905 /* MessageUI.framework */,
				92E6793A19969C6900E537B9 /* Foundation.framework */,
				92E6793C19969C6900E537B9 /* CoreGraphics.framework */,
				92E6793E19969C6900E537B9 /* UIKit.framework */,
				92E6794019969C6900E537B9 /* CoreData.framework */,
				92E6795819969C6A00E537B9 /* XCTest.framework */,
			);
			name = Frameworks;
			sourceTree = "<group>";
		};
		92E6794219969C6900E537B9 /* Contatos */ = {
			isa = PBXGroup;
			children = (
				92E679761996A7B200E537B9 /* Domain */,
				92E6796F19969C9B00E537B9 /* Controller */,
				92E6794B19969C6900E537B9 /* TBAppDelegate.h */,
				92E6794C19969C6900E537B9 /* TBAppDelegate.m */,
				92E6795119969C6900E537B9 /* Images.xcassets */,
				92E6794E19969C6900E537B9 /* Contatos.xcdatamodeld */,
				92E6794319969C6900E537B9 /* Supporting Files */,
			);
			path = Contatos;
			sourceTree = "<group>";
		};
		92E6794319969C6900E537B9 /* Supporting Files */ = {
			isa = PBXGroup;
			children = (
				92E6794419969C6900E537B9 /* Contatos-Info.plist */,
				92E6794519969C6900E537B9 /* InfoPlist.strings */,
				92E6794819969C6900E537B9 /* main.m */,
				92E6794A19969C6900E537B9 /* Contatos-Prefix.pch */,
			);
			name = "Supporting Files";
			sourceTree = "<group>";
		};
		92E6795F19969C6A00E537B9 /* ContatosTests */ = {
			isa = PBXGroup;
			children = (
				92E6796519969C6A00E537B9 /* ContatosTests.m */,
				92E6796019969C6A00E537B9 /* Supporting Files */,
			);
			path = ContatosTests;
			sourceTree = "<group>";
		};
		92E6796019969C6A00E537B9 /* Supporting Files */ = {
			isa = PBXGroup;
			children = (
				92E6796119969C6A00E537B9 /* ContatosTests-Info.plist */,
				92E6796219969C6A00E537B9 /* InfoPlist.strings */,
			);
			name = "Supporting Files";
			sourceTree = "<group>";
		};
		92E6796F19969C9B00E537B9 /* Controller */ = {
			isa = PBXGroup;
			children = (
				92EDB1FB199F8BD600CFC048 /* Lista */,
				92E6797019969CA100E537B9 /* Formulario */,
			);
			name = Controller;
			sourceTree = "<group>";
		};
		92E6797019969CA100E537B9 /* Formulario */ = {
			isa = PBXGroup;
			children = (
				92E6797119969CB000E537B9 /* TBFormularioViewController.h */,
				92E6797219969CB000E537B9 /* TBFormularioViewController.m */,
				92E6797319969CB000E537B9 /* TBFormularioViewController.xib */,
			);
			name = Formulario;
			sourceTree = "<group>";
		};
		92E679761996A7B200E537B9 /* Domain */ = {
			isa = PBXGroup;
			children = (
				923C164319A913E500D33905 /* Category */,
				923C163919A9078700D33905 /* Action */,
				92E679771996A7B600E537B9 /* Model */,
			);
			name = Domain;
			sourceTree = "<group>";
		};
		92E679771996A7B600E537B9 /* Model */ = {
			isa = PBXGroup;
			children = (
				92E679781996A7C700E537B9 /* TBContato.h */,
				92E679791996A7C700E537B9 /* TBContato.m */,
			);
			name = Model;
			sourceTree = "<group>";
		};
		92EDB1FB199F8BD600CFC048 /* Lista */ = {
			isa = PBXGroup;
			children = (
				92EDB1FC199F8CF200CFC048 /* TBListaContatosViewController.h */,
				92EDB1FD199F8CF200CFC048 /* TBListaContatosViewController.m */,
				926C12BE19A8E3D600350F83 /* TBMinhaLinhaTableViewCell.h */,
				926C12BF19A8E3D600350F83 /* TBMinhaLinhaTableViewCell.m */,
				926C12C019A8E3D600350F83 /* TBMinhaLinhaTableViewCell.xib */,
				926C12B819A8CF9300350F83 /* TBListaContatoDelegate.h */,
			);
			name = Lista;
			sourceTree = "<group>";
		};
/* End PBXGroup section */

/* Begin PBXNativeTarget section */
		92E6793619969C6900E537B9 /* Contatos */ = {
			isa = PBXNativeTarget;
			buildConfigurationList = 92E6796919969C6A00E537B9 /* Build configuration list for PBXNativeTarget "Contatos" */;
			buildPhases = (
				92E6793319969C6900E537B9 /* Sources */,
				92E6793419969C6900E537B9 /* Frameworks */,
				92E6793519969C6900E537B9 /* Resources */,
			);
			buildRules = (
			);
			dependencies = (
			);
			name = Contatos;
			productName = Contatos;
			productReference = 92E6793719969C6900E537B9 /* Contatos.app */;
			productType = "com.apple.product-type.application";
		};
		92E6795619969C6A00E537B9 /* ContatosTests */ = {
			isa = PBXNativeTarget;
			buildConfigurationList = 92E6796C19969C6A00E537B9 /* Build configuration list for PBXNativeTarget "ContatosTests" */;
			buildPhases = (
				92E6795319969C6A00E537B9 /* Sources */,
				92E6795419969C6A00E537B9 /* Frameworks */,
				92E6795519969C6A00E537B9 /* Resources */,
			);
			buildRules = (
			);
			dependencies = (
				92E6795E19969C6A00E537B9 /* PBXTargetDependency */,
			);
			name = ContatosTests;
			productName = ContatosTests;
			productReference = 92E6795719969C6A00E537B9 /* ContatosTests.xctest */;
			productType = "com.apple.product-type.bundle.unit-test";
		};
/* End PBXNativeTarget section */

/* Begin PBXProject section */
		92E6792F19969C6900E537B9 /* Project object */ = {
			isa = PBXProject;
			attributes = {
				CLASSPREFIX = TB;
				LastUpgradeCheck = 0510;
				ORGANIZATIONNAME = "Tiarê Balbi";
				TargetAttributes = {
					92E6795619969C6A00E537B9 = {
						TestTargetID = 92E6793619969C6900E537B9;
					};
				};
			};
			buildConfigurationList = 92E6793219969C6900E537B9 /* Build configuration list for PBXProject "Contatos" */;
			compatibilityVersion = "Xcode 3.2";
			developmentRegion = English;
			hasScannedForEncodings = 0;
			knownRegions = (
				en,
			);
			mainGroup = 92E6792E19969C6900E537B9;
			productRefGroup = 92E6793819969C6900E537B9 /* Products */;
			projectDirPath = "";
			projectRoot = "";
			targets = (
				92E6793619969C6900E537B9 /* Contatos */,
				92E6795619969C6A00E537B9 /* ContatosTests */,
			);
		};
/* End PBXProject section */

/* Begin PBXResourcesBuildPhase section */
		92E6793519969C6900E537B9 /* Resources */ = {
			isa = PBXResourcesBuildPhase;
			buildActionMask = 2147483647;
			files = (
				927A7B7919A8FF450060A3B0 /* icon-80.png in Resources */,
				92E6794719969C6900E537B9 /* InfoPlist.strings in Resources */,
				92E6797519969CB000E537B9 /* TBFormularioViewController.xib in Resources */,
				923C163819A900A500D33905 /* default2x.png in Resources */,
				927A7B7819A8FF450060A3B0 /* icon-120.png in Resources */,
				92E6795219969C6900E537B9 /* Images.xcassets in Resources */,
				926C12C219A8E3D600350F83 /* TBMinhaLinhaTableViewCell.xib in Resources */,
				923C163419A8FFC900D33905 /* icon-58.png in Resources */,
				926C12BD19A8D71A00350F83 /* icon.png in Resources */,
				927A7B7519A8FEF10060A3B0 /* icon-56.png in Resources */,
				923C163719A900A500D33905 /* default.png in Resources */,
			);
			runOnlyForDeploymentPostprocessing = 0;
		};
		92E6795519969C6A00E537B9 /* Resources */ = {
			isa = PBXResourcesBuildPhase;
			buildActionMask = 2147483647;
			files = (
				92E6796419969C6A00E537B9 /* InfoPlist.strings in Resources */,
			);
			runOnlyForDeploymentPostprocessing = 0;
		};
/* End PBXResourcesBuildPhase section */

/* Begin PBXSourcesBuildPhase section */
		92E6793319969C6900E537B9 /* Sources */ = {
			isa = PBXSourcesBuildPhase;
			buildActionMask = 2147483647;
			files = (
				923C164B19A919A200D33905 /* TBMailServiceControl.m in Sources */,
				926C12C119A8E3D600350F83 /* TBMinhaLinhaTableViewCell.m in Sources */,
				923C163C19A9079D00D33905 /* TBDefaultActionControl.m in Sources */,
				92E6797419969CB000E537B9 /* TBFormularioViewController.m in Sources */,
				92E6794D19969C6900E537B9 /* TBAppDelegate.m in Sources */,
				92E6794919969C6900E537B9 /* main.m in Sources */,
				92E6795019969C6900E537B9 /* Contatos.xcdatamodeld in Sources */,
				923C164619A913F800D33905 /* UIDevice+Phone.m in Sources */,
				92E6797A1996A7C700E537B9 /* TBContato.m in Sources */,
				92EDB1FE199F8CF200CFC048 /* TBListaContatosViewController.m in Sources */,
			);
			runOnlyForDeploymentPostprocessing = 0;
		};
		92E6795319969C6A00E537B9 /* Sources */ = {
			isa = PBXSourcesBuildPhase;
			buildActionMask = 2147483647;
			files = (
				92E6796619969C6A00E537B9 /* ContatosTests.m in Sources */,
			);
			runOnlyForDeploymentPostprocessing = 0;
		};
/* End PBXSourcesBuildPhase section */

/* Begin PBXTargetDependency section */
		92E6795E19969C6A00E537B9 /* PBXTargetDependency */ = {
			isa = PBXTargetDependency;
			target = 92E6793619969C6900E537B9 /* Contatos */;
			targetProxy = 92E6795D19969C6A00E537B9 /* PBXContainerItemProxy */;
		};
/* End PBXTargetDependency section */

/* Begin PBXVariantGroup section */
		92E6794519969C6900E537B9 /* InfoPlist.strings */ = {
			isa = PBXVariantGroup;
			children = (
				92E6794619969C6900E537B9 /* en */,
			);
			name = InfoPlist.strings;
			sourceTree = "<group>";
		};
		92E6796219969C6A00E537B9 /* InfoPlist.strings */ = {
			isa = PBXVariantGroup;
			children = (
				92E6796319969C6A00E537B9 /* en */,
			);
			name = InfoPlist.strings;
			sourceTree = "<group>";
		};
/* End PBXVariantGroup section */

/* Begin XCBuildConfiguration section */
		92E6796719969C6A00E537B9 /* Debug */ = {
			isa = XCBuildConfiguration;
			buildSettings = {
				ALWAYS_SEARCH_USER_PATHS = NO;
				CLANG_CXX_LANGUAGE_STANDARD = "gnu++0x";
				CLANG_CXX_LIBRARY = "libc++";
				CLANG_ENABLE_MODULES = YES;
				CLANG_ENABLE_OBJC_ARC = YES;
				CLANG_WARN_BOOL_CONVERSION = YES;
				CLANG_WARN_CONSTANT_CONVERSION = YES;
				CLANG_WARN_DIRECT_OBJC_ISA_USAGE = YES_ERROR;
				CLANG_WARN_EMPTY_BODY = YES;
				CLANG_WARN_ENUM_CONVERSION = YES;
				CLANG_WARN_INT_CONVERSION = YES;
				CLANG_WARN_OBJC_ROOT_CLASS = YES_ERROR;
				CLANG_WARN__DUPLICATE_METHOD_MATCH = YES;
				"CODE_SIGN_IDENTITY[sdk=iphoneos*]" = "iPhone Developer";
				COPY_PHASE_STRIP = NO;
				GCC_C_LANGUAGE_STANDARD = gnu99;
				GCC_DYNAMIC_NO_PIC = NO;
				GCC_OPTIMIZATION_LEVEL = 0;
				GCC_PREPROCESSOR_DEFINITIONS = (
					"DEBUG=1",
					"$(inherited)",
				);
				GCC_SYMBOLS_PRIVATE_EXTERN = NO;
				GCC_WARN_64_TO_32_BIT_CONVERSION = YES;
				GCC_WARN_ABOUT_RETURN_TYPE = YES_ERROR;
				GCC_WARN_UNDECLARED_SELECTOR = YES;
				GCC_WARN_UNINITIALIZED_AUTOS = YES_AGGRESSIVE;
				GCC_WARN_UNUSED_FUNCTION = YES;
				GCC_WARN_UNUSED_VARIABLE = YES;
				IPHONEOS_DEPLOYMENT_TARGET = 7.1;
				ONLY_ACTIVE_ARCH = YES;
				SDKROOT = iphoneos;
			};
			name = Debug;
		};
		92E6796819969C6A00E537B9 /* Release */ = {
			isa = XCBuildConfiguration;
			buildSettings = {
				ALWAYS_SEARCH_USER_PATHS = NO;
				CLANG_CXX_LANGUAGE_STANDARD = "gnu++0x";
				CLANG_CXX_LIBRARY = "libc++";
				CLANG_ENABLE_MODULES = YES;
				CLANG_ENABLE_OBJC_ARC = YES;
				CLANG_WARN_BOOL_CONVERSION = YES;
				CLANG_WARN_CONSTANT_CONVERSION = YES;
				CLANG_WARN_DIRECT_OBJC_ISA_USAGE = YES_ERROR;
				CLANG_WARN_EMPTY_BODY = YES;
				CLANG_WARN_ENUM_CONVERSION = YES;
				CLANG_WARN_INT_CONVERSION = YES;
				CLANG_WARN_OBJC_ROOT_CLASS = YES_ERROR;
				CLANG_WARN__DUPLICATE_METHOD_MATCH = YES;
				"CODE_SIGN_IDENTITY[sdk=iphoneos*]" = "iPhone Developer";
				COPY_PHASE_STRIP = YES;
				ENABLE_NS_ASSERTIONS = NO;
				GCC_C_LANGUAGE_STANDARD = gnu99;
				GCC_WARN_64_TO_32_BIT_CONVERSION = YES;
				GCC_WARN_ABOUT_RETURN_TYPE = YES_ERROR;
				GCC_WARN_UNDECLARED_SELECTOR = YES;
				GCC_WARN_UNINITIALIZED_AUTOS = YES_AGGRESSIVE;
				GCC_WARN_UNUSED_FUNCTION = YES;
				GCC_WARN_UNUSED_VARIABLE = YES;
				IPHONEOS_DEPLOYMENT_TARGET = 7.1;
				SDKROOT = iphoneos;
				VALIDATE_PRODUCT = YES;
			};
			name = Release;
		};
		92E6796A19969C6A00E537B9 /* Debug */ = {
			isa = XCBuildConfiguration;
			buildSettings = {
				ASSETCATALOG_COMPILER_APPICON_NAME = AppIcon;
				ASSETCATALOG_COMPILER_LAUNCHIMAGE_NAME = LaunchImage;
				CODE_SIGN_IDENTITY = "iPhone Developer";
				GCC_PRECOMPILE_PREFIX_HEADER = YES;
				GCC_PREFIX_HEADER = "Contatos/Contatos-Prefix.pch";
				INFOPLIST_FILE = "Contatos/Contatos-Info.plist";
				PRODUCT_NAME = "$(TARGET_NAME)";
				WRAPPER_EXTENSION = app;
			};
			name = Debug;
		};
		92E6796B19969C6A00E537B9 /* Release */ = {
			isa = XCBuildConfiguration;
			buildSettings = {
				ASSETCATALOG_COMPILER_APPICON_NAME = AppIcon;
				ASSETCATALOG_COMPILER_LAUNCHIMAGE_NAME = LaunchImage;
				CODE_SIGN_IDENTITY = "iPhone Developer";
				GCC_PRECOMPILE_PREFIX_HEADER = YES;
				GCC_PREFIX_HEADER = "Contatos/Contatos-Prefix.pch";
				INFOPLIST_FILE = "Contatos/Contatos-Info.plist";
				PRODUCT_NAME = "$(TARGET_NAME)";
				WRAPPER_EXTENSION = app;
			};
			name = Release;
		};
		92E6796D19969C6A00E537B9 /* Debug */ = {
			isa = XCBuildConfiguration;
			buildSettings = {
				BUNDLE_LOADER = "$(BUILT_PRODUCTS_DIR)/Contatos.app/Contatos";
				FRAMEWORK_SEARCH_PATHS = (
					"$(SDKROOT)/Developer/Library/Frameworks",
					"$(inherited)",
					"$(DEVELOPER_FRAMEWORKS_DIR)",
				);
				GCC_PRECOMPILE_PREFIX_HEADER = YES;
				GCC_PREFIX_HEADER = "Contatos/Contatos-Prefix.pch";
				GCC_PREPROCESSOR_DEFINITIONS = (
					"DEBUG=1",
					"$(inherited)",
				);
				INFOPLIST_FILE = "ContatosTests/ContatosTests-Info.plist";
				PRODUCT_NAME = "$(TARGET_NAME)";
				TEST_HOST = "$(BUNDLE_LOADER)";
				WRAPPER_EXTENSION = xctest;
			};
			name = Debug;
		};
		92E6796E19969C6A00E537B9 /* Release */ = {
			isa = XCBuildConfiguration;
			buildSettings = {
				BUNDLE_LOADER = "$(BUILT_PRODUCTS_DIR)/Contatos.app/Contatos";
				FRAMEWORK_SEARCH_PATHS = (
					"$(SDKROOT)/Developer/Library/Frameworks",
					"$(inherited)",
					"$(DEVELOPER_FRAMEWORKS_DIR)",
				);
				GCC_PRECOMPILE_PREFIX_HEADER = YES;
				GCC_PREFIX_HEADER = "Contatos/Contatos-Prefix.pch";
				INFOPLIST_FILE = "ContatosTests/ContatosTests-Info.plist";
				PRODUCT_NAME = "$(TARGET_NAME)";
				TEST_HOST = "$(BUNDLE_LOADER)";
				WRAPPER_EXTENSION = xctest;
			};
			name = Release;
		};
/* End XCBuildConfiguration section */

/* Begin XCConfigurationList section */
		92E6793219969C6900E537B9 /* Build configuration list for PBXProject "Contatos" */ = {
			isa = XCConfigurationList;
			buildConfigurations = (
				92E6796719969C6A00E537B9 /* Debug */,
				92E6796819969C6A00E537B9 /* Release */,
			);
			defaultConfigurationIsVisible = 0;
			defaultConfigurationName = Release;
		};
		92E6796919969C6A00E537B9 /* Build configuration list for PBXNativeTarget "Contatos" */ = {
			isa = XCConfigurationList;
			buildConfigurations = (
				92E6796A19969C6A00E537B9 /* Debug */,
				92E6796B19969C6A00E537B9 /* Release */,
			);
			defaultConfigurationIsVisible = 0;
			defaultConfigurationName = Release;
		};
		92E6796C19969C6A00E537B9 /* Build configuration list for PBXNativeTarget "ContatosTests" */ = {
			isa = XCConfigurationList;
			buildConfigurations = (
				92E6796D19969C6A00E537B9 /* Debug */,
				92E6796E19969C6A00E537B9 /* Release */,
			);
			defaultConfigurationIsVisible = 0;
			defaultConfigurationName = Release;
		};
/* End XCConfigurationList section */

/* Begin XCVersionGroup section */
		92E6794E19969C6900E537B9 /* Contatos.xcdatamodeld */ = {
			isa = XCVersionGroup;
			children = (
				92E6794F19969C6900E537B9 /* Contatos.xcdatamodel */,
			);
			currentVersion = 92E6794F19969C6900E537B9 /* Contatos.xcdatamodel */;
			path = Contatos.xcdatamodeld;
			sourceTree = "<group>";
			versionGroupType = wrapper.xcdatamodel;
		};
/* End XCVersionGroup section */
	};
	rootObject = 92E6792F19969C6900E537B9 /* Project object */;
}
